<?xml version="1.0" encoding="utf-8"?>
<Project ToolsVersion="4.0" xmlns="http://schemas.microsoft.com/developer/msbuild/2003">
  <ItemGroup>
    <Filter Include="리소스 파일">
      <UniqueIdentifier>{67DA6AB6-F800-4c08-8B7A-83BB121AAD01}</UniqueIdentifier>
      <Extensions>rc;ico;cur;bmp;dlg;rc2;rct;bin;rgs;gif;jpg;jpeg;jpe;resx;tiff;tif;png;wav;mfcribbon-ms</Extensions>
    </Filter>
    <Filter Include="main">
      <UniqueIdentifier>{f5788e81-45ee-4b80-b0ec-47cf777f05bc}</UniqueIdentifier>
    </Filter>
    <Filter Include="Framework">
      <UniqueIdentifier>{7606e04a-528d-4b47-96a3-31e899f2bbf7}</UniqueIdentifier>
    </Filter>
    <Filter Include="GAME">
      <UniqueIdentifier>{595ee783-42e2-4617-811f-1c408cc68dce}</UniqueIdentifier>
    </Filter>
  </ItemGroup>
  <ItemGroup>
    <ClCompile Include="main.c">
      <Filter>main</Filter>
    </ClCompile>
    <ClCompile Include="stdafx.c">
      <Filter>main</Filter>
    </ClCompile>
    <ClCompile Include="Game.c">
      <Filter>Framework</Filter>
    </ClCompile>
    <ClCompile Include="Framework\Renderer.c">
      <Filter>Framework</Filter>
    </ClCompile>
    <ClCompile Include="Framework\Input.c">
      <Filter>Framework</Filter>
    </ClCompile>
    <ClCompile Include="Framework\Timer.c">
      <Filter>Framework</Filter>
    </ClCompile>
    <ClCompile Include="Game\Stage.c">
      <Filter>GAME</Filter>
    </ClCompile>
  </ItemGroup>
  <ItemGroup>
    <ClInclude Include="stdafx.h">
      <Filter>main</Filter>
    </ClInclude>
    <ClInclude Include="Framework\Renderer.h">
      <Filter>Framework</Filter>
    </ClInclude>
    <ClInclude Include="Framework\Game1.h">
      <Filter>Framework</Filter>
    </ClInclude>
    <ClInclude Include="Framework\Input.h">
      <Filter>Framework</Filter>
    </ClInclude>
    <ClInclude Include="Macro.h">
      <Filter>main</Filter>
    </ClInclude>
    <ClInclude Include="Framework\Timer.h">
      <Filter>Framework</Filter>
    </ClInclude>
    <ClInclude Include="Game\Stage.h">
      <Filter>GAME</Filter>
    </ClInclude>
  </ItemGroup>
</Project>